
Microsoft Visual Studio Solution File, Format Version 12.00
# Visual Studio Version 16
VisualStudioVersion = 16.0.29613.14
MinimumVisualStudioVersion = 10.0.40219.1
Project("{9A19103F-16F7-4668-BE54-9A1E7A4F7556}") = "NodeNetwork", "NodeNetwork\NodeNetwork.csproj", "{96E1761E-AE02-48E9-95E8-4A3B2FC32025}"
EndProject
Project("{9A19103F-16F7-4668-BE54-9A1E7A4F7556}") = "ExampleCalculatorApp", "ExampleCalculatorApp\ExampleCalculatorApp.csproj", "{08F0C444-E608-4C6B-8514-691AB7416B55}"
	ProjectSection(ProjectDependencies) = postProject
		{391D0670-646F-4633-9E86-E9A966F61953} = {391D0670-646F-4633-9E86-E9A966F61953}
	EndProjectSection
EndProject
Project("{9A19103F-16F7-4668-BE54-9A1E7A4F7556}") = "NodeNetworkToolkit", "NodeNetworkToolkit\NodeNetworkToolkit.csproj", "{391D0670-646F-4633-9E86-E9A966F61953}"
	ProjectSection(ProjectDependencies) = postProject
		{96E1761E-AE02-48E9-95E8-4A3B2FC32025} = {96E1761E-AE02-48E9-95E8-4A3B2FC32025}
	EndProjectSection
EndProject
Project("{9A19103F-16F7-4668-BE54-9A1E7A4F7556}") = "ExampleShaderEditorApp", "ExampleShaderEditorApp\ExampleShaderEditorApp.csproj", "{A0823287-BDE0-4C0A-BB6E-CD9675F636AA}"
	ProjectSection(ProjectDependencies) = postProject
		{96E1761E-AE02-48E9-95E8-4A3B2FC32025} = {96E1761E-AE02-48E9-95E8-4A3B2FC32025}
		{391D0670-646F-4633-9E86-E9A966F61953} = {391D0670-646F-4633-9E86-E9A966F61953}
	EndProjectSection
EndProject
Project("{2150E333-8FDC-42A3-9474-1A3956D46DE8}") = "Examples", "Examples", "{EEFF7EA4-CA97-4FFE-A955-F48C8FD522A6}"
EndProject
Project("{2150E333-8FDC-42A3-9474-1A3956D46DE8}") = "Tests", "Tests", "{0C9292C7-07B0-45AB-A787-951C8B61AB35}"
EndProject
Project("{9A19103F-16F7-4668-BE54-9A1E7A4F7556}") = "ExampleCodeGenApp", "ExampleCodeGenApp\ExampleCodeGenApp.csproj", "{274A545D-8943-44F7-AF51-772904AE10A9}"
	ProjectSection(ProjectDependencies) = postProject
		{96E1761E-AE02-48E9-95E8-4A3B2FC32025} = {96E1761E-AE02-48E9-95E8-4A3B2FC32025}
		{391D0670-646F-4633-9E86-E9A966F61953} = {391D0670-646F-4633-9E86-E9A966F61953}
	EndProjectSection
EndProject
Project("{9A19103F-16F7-4668-BE54-9A1E7A4F7556}") = "StressTest", "StressTest\StressTest.csproj", "{69615CB9-4A6E-48A3-AAB8-9A0CABFACBB3}"
EndProject
Project("{9A19103F-16F7-4668-BE54-9A1E7A4F7556}") = "CalculatorTests", "CalculatorTests\CalculatorTests.csproj", "{6FECDB98-52C4-4153-9B69-9165585D94DD}"
EndProject
Project("{9A19103F-16F7-4668-BE54-9A1E7A4F7556}") = "NodeNetworkTests", "NodeNetworkTests\NodeNetworkTests.csproj", "{C80CA3BF-5F3F-48FC-B34A-1CCDD082A828}"
EndProject
Global
	GlobalSection(SolutionConfigurationPlatforms) = preSolution
		Debug|Any CPU = Debug|Any CPU
		Release|Any CPU = Release|Any CPU
	EndGlobalSection
	GlobalSection(ProjectConfigurationPlatforms) = postSolution
		{96E1761E-AE02-48E9-95E8-4A3B2FC32025}.Debug|Any CPU.ActiveCfg = Debug|Any CPU
		{96E1761E-AE02-48E9-95E8-4A3B2FC32025}.Debug|Any CPU.Build.0 = Debug|Any CPU
		{96E1761E-AE02-48E9-95E8-4A3B2FC32025}.Release|Any CPU.ActiveCfg = Release|Any CPU
		{96E1761E-AE02-48E9-95E8-4A3B2FC32025}.Release|Any CPU.Build.0 = Release|Any CPU
		{08F0C444-E608-4C6B-8514-691AB7416B55}.Debug|Any CPU.ActiveCfg = Debug|Any CPU
		{08F0C444-E608-4C6B-8514-691AB7416B55}.Debug|Any CPU.Build.0 = Debug|Any CPU
		{08F0C444-E608-4C6B-8514-691AB7416B55}.Release|Any CPU.ActiveCfg = Release|Any CPU
		{08F0C444-E608-4C6B-8514-691AB7416B55}.Release|Any CPU.Build.0 = Release|Any CPU
		{391D0670-646F-4633-9E86-E9A966F61953}.Debug|Any CPU.ActiveCfg = Debug|Any CPU
		{391D0670-646F-4633-9E86-E9A966F61953}.Debug|Any CPU.Build.0 = Debug|Any CPU
		{391D0670-646F-4633-9E86-E9A966F61953}.Release|Any CPU.ActiveCfg = Release|Any CPU
		{391D0670-646F-4633-9E86-E9A966F61953}.Release|Any CPU.Build.0 = Release|Any CPU
		{A0823287-BDE0-4C0A-BB6E-CD9675F636AA}.Debug|Any CPU.ActiveCfg = Debug|Any CPU
		{A0823287-BDE0-4C0A-BB6E-CD9675F636AA}.Debug|Any CPU.Build.0 = Debug|Any CPU
		{A0823287-BDE0-4C0A-BB6E-CD9675F636AA}.Release|Any CPU.ActiveCfg = Release|Any CPU
		{A0823287-BDE0-4C0A-BB6E-CD9675F636AA}.Release|Any CPU.Build.0 = Release|Any CPU
		{274A545D-8943-44F7-AF51-772904AE10A9}.Debug|Any CPU.ActiveCfg = Debug|Any CPU
		{274A545D-8943-44F7-AF51-772904AE10A9}.Debug|Any CPU.Build.0 = Debug|Any CPU
		{274A545D-8943-44F7-AF51-772904AE10A9}.Release|Any CPU.ActiveCfg = Release|Any CPU
		{274A545D-8943-44F7-AF51-772904AE10A9}.Release|Any CPU.Build.0 = Release|Any CPU
		{69615CB9-4A6E-48A3-AAB8-9A0CABFACBB3}.Debug|Any CPU.ActiveCfg = Debug|Any CPU
		{69615CB9-4A6E-48A3-AAB8-9A0CABFACBB3}.Debug|Any CPU.Build.0 = Debug|Any CPU
		{69615CB9-4A6E-48A3-AAB8-9A0CABFACBB3}.Release|Any CPU.ActiveCfg = Release|Any CPU
		{69615CB9-4A6E-48A3-AAB8-9A0CABFACBB3}.Release|Any CPU.Build.0 = Release|Any CPU
		{6FECDB98-52C4-4153-9B69-9165585D94DD}.Debug|Any CPU.ActiveCfg = Debug|Any CPU
		{6FECDB98-52C4-4153-9B69-9165585D94DD}.Debug|Any CPU.Build.0 = Debug|Any CPU
		{6FECDB98-52C4-4153-9B69-9165585D94DD}.Release|Any CPU.ActiveCfg = Release|Any CPU
		{6FECDB98-52C4-4153-9B69-9165585D94DD}.Release|Any CPU.Build.0 = Release|Any CPU
		{C80CA3BF-5F3F-48FC-B34A-1CCDD082A828}.Debug|Any CPU.ActiveCfg = Debug|Any CPU
		{C80CA3BF-5F3F-48FC-B34A-1CCDD082A828}.Debug|Any CPU.Build.0 = Debug|Any CPU
		{C80CA3BF-5F3F-48FC-B34A-1CCDD082A828}.Release|Any CPU.ActiveCfg = Release|Any CPU
		{C80CA3BF-5F3F-48FC-B34A-1CCDD082A828}.Release|Any CPU.Build.0 = Release|Any CPU
	EndGlobalSection
	GlobalSection(SolutionProperties) = preSolution
		HideSolutionNode = FALSE
	EndGlobalSection
	GlobalSection(NestedProjects) = preSolution
		{08F0C444-E608-4C6B-8514-691AB7416B55} = {EEFF7EA4-CA97-4FFE-A955-F48C8FD522A6}
		{A0823287-BDE0-4C0A-BB6E-CD9675F636AA} = {EEFF7EA4-CA97-4FFE-A955-F48C8FD522A6}
		{274A545D-8943-44F7-AF51-772904AE10A9} = {EEFF7EA4-CA97-4FFE-A955-F48C8FD522A6}
		{69615CB9-4A6E-48A3-AAB8-9A0CABFACBB3} = {0C9292C7-07B0-45AB-A787-951C8B61AB35}
		{6FECDB98-52C4-4153-9B69-9165585D94DD} = {0C9292C7-07B0-45AB-A787-951C8B61AB35}
		{C80CA3BF-5F3F-48FC-B34A-1CCDD082A828} = {0C9292C7-07B0-45AB-A787-951C8B61AB35}
	EndGlobalSection
	GlobalSection(ExtensibilityGlobals) = postSolution
		SolutionGuid = {923D42E4-533A-4A65-BB3E-A7CCC2585386}
	EndGlobalSection
EndGlobal
